{
  "name": "my-js-data-structure-algos",
  "version": "1.0.0",
  "lockfileVersion": 3,
  "requires": true,
  "packages": {
    "": {
      "name": "my-js-data-structure-algos",
      "version": "1.0.0",
      "license": "ISC",
      "dependencies": {
        "js-sdsl": "^4.4.0"
      }
    },
    "node_modules/js-sdsl": {
      "version": "4.4.0",
      "resolved": "http://registry.playnexx.net:4873/js-sdsl/-/js-sdsl-4.4.0.tgz",
      "integrity": "sha512-FfVSdx6pJ41Oa+CF7RDaFmTnCaFhua+SNYQX74riGOpl96x+2jQCqEfQ2bnXu/5DPCqlRuiqyvTJM0Qjz26IVg==",
      "license": "MIT",
      "funding": {
        "type": "opencollective",
        "url": "https://opencollective.com/js-sdsl"
      }
    }
  }
}
